{
  "name": "cooling_project",
  "version": "1.0.0",
  "lockfileVersion": 2,
  "requires": true,
  "packages": {
    "": {
      "name": "cooling_project",
      "version": "1.0.0",
      "license": "ISC",
      "dependencies": {
        "@fullcalendar/core": "^6.1.9",
        "bootstrap": "^5.3.1",
        "fullcalendar": "^6.1.9",
        "fullcalendar-scheduler": "^6.1.9"
      },
      "devDependencies": {}
    },
    "node_modules/@fullcalendar/adaptive": {
      "version": "6.1.9",
      "resolved": "https://registry.npmjs.org/@fullcalendar/adaptive/-/adaptive-6.1.9.tgz",
      "integrity": "sha512-K9CyxE/QGd+SKxtL3z07qV9Lleu4r9wT4hJAnqhcArafLpMt3/yEDTH7XnNz/FupvK3zip76nap+4zoFEPCF3w==",
      "dependencies": {
        "@fullcalendar/premium-common": "~6.1.9"
      },
      "peerDependencies": {
        "@fullcalendar/core": "~6.1.9"
      }
    },
    "node_modules/@fullcalendar/core": {
      "version": "6.1.9",
      "resolved": "https://registry.npmjs.org/@fullcalendar/core/-/core-6.1.9.tgz",
      "integrity": "sha512-eeG+z9BWerdsU9Ac6j16rpYpPnE0wxtnEHiHrh/u/ADbGTR3hCOjCD9PxQOfhOTHbWOVs7JQunGcksSPu5WZBQ==",
      "dependencies": {
        "preact": "~10.12.1"
      }
    },
    "node_modules/@fullcalendar/daygrid": {
      "version": "6.1.9",
      "resolved": "https://registry.npmjs.org/@fullcalendar/daygrid/-/daygrid-6.1.9.tgz",
      "integrity": "sha512-o/6joH/7lmVHXAkbaa/tUbzWYnGp/LgfdiFyYPkqQbjKEeivNZWF1WhHqFbhx0zbFONSHtrvkjY2bjr+Ef2quQ==",
      "peerDependencies": {
        "@fullcalendar/core": "~6.1.9"
      }
    },
    "node_modules/@fullcalendar/interaction": {
      "version": "6.1.9",
      "resolved": "https://registry.npmjs.org/@fullcalendar/interaction/-/interaction-6.1.9.tgz",
      "integrity": "sha512-I3FGnv0kKZpIwujg3HllbKrciNjTqeTYy3oJG226oAn7lV6wnrrDYMmuGmA0jPJAGN46HKrQqKN7ItxQRDec4Q==",
      "peerDependencies": {
        "@fullcalendar/core": "~6.1.9"
      }
    },
    "node_modules/@fullcalendar/list": {
      "version": "6.1.9",
      "resolved": "https://registry.npmjs.org/@fullcalendar/list/-/list-6.1.9.tgz",
      "integrity": "sha512-OCKdC1Gz26cJ5QsXdQyXVyzVu23ypT2xzyAR+Wc8jEytcJLWXw2a914m/MVax8n8EHuaIYY2exhsy/eaSU0XNA==",
      "peerDependencies": {
        "@fullcalendar/core": "~6.1.9"
      }
    },
    "node_modules/@fullcalendar/multimonth": {
      "version": "6.1.9",
      "resolved": "https://registry.npmjs.org/@fullcalendar/multimonth/-/multimonth-6.1.9.tgz",
      "integrity": "sha512-YpH1NL6RzdM1wO2nFJ3pNMo9xhd6i2WuE+e7SnGi7q1lO+ZZ77h5Fja5JKcpuIQUFHpi+m6vTzihIV8DT44NnQ==",
      "dependencies": {
        "@fullcalendar/daygrid": "~6.1.9"
      },
      "peerDependencies": {
        "@fullcalendar/core": "~6.1.9"
      }
    },
    "node_modules/@fullcalendar/premium-common": {
      "version": "6.1.9",
      "resolved": "https://registry.npmjs.org/@fullcalendar/premium-common/-/premium-common-6.1.9.tgz",
      "integrity": "sha512-hbyXAPU0r9psO0oH22ge0GCxQhlHQ0KJRJhAM2KkTTfYUSAYgaaYfX9cUC6ysNE7T1gZ5JDlYDu/xskwPymyvA==",
      "peerDependencies": {
        "@fullcalendar/core": "~6.1.9"
      }
    },
    "node_modules/@fullcalendar/resource": {
      "version": "6.1.9",
      "resolved": "https://registry.npmjs.org/@fullcalendar/resource/-/resource-6.1.9.tgz",
      "integrity": "sha512-A0yQs08WNxx7XeQlAZ9gkmiJOuNOjwpiusnnNSWw/xriNoXmWasDih9ury3GcTjJ8T13Y9d+E6IgxLZgBejTZQ==",
      "dependencies": {
        "@fullcalendar/premium-common": "~6.1.9"
      },
      "peerDependencies": {
        "@fullcalendar/core": "~6.1.9"
      }
    },
    "node_modules/@fullcalendar/resource-daygrid": {
      "version": "6.1.9",
      "resolved": "https://registry.npmjs.org/@fullcalendar/resource-daygrid/-/resource-daygrid-6.1.9.tgz",
      "integrity": "sha512-u+A2jDzzXPkyOOTnjcuCtKQezi4KnJCw/n8ryMdOHj/oPw2HXUxGbZwV77WxdeaJEZSOLaIvHqZPG7Lqxc7f4g==",
      "dependencies": {
        "@fullcalendar/daygrid": "~6.1.9",
        "@fullcalendar/premium-common": "~6.1.9"
      },
      "peerDependencies": {
        "@fullcalendar/core": "~6.1.9",
        "@fullcalendar/resource": "~6.1.9"
      }
    },
    "node_modules/@fullcalendar/resource-timegrid": {
      "version": "6.1.9",
      "resolved": "https://registry.npmjs.org/@fullcalendar/resource-timegrid/-/resource-timegrid-6.1.9.tgz",
      "integrity": "sha512-gbd/iI7HLhP9j7pqzoTYS+z41ZvT0N0WbOjTgRhCTdZoeKLfrZ+owYh05wS3ZB+EsRRBdgXUJH/9y3CvwUA5mw==",
      "dependencies": {
        "@fullcalendar/premium-common": "~6.1.9",
        "@fullcalendar/resource-daygrid": "~6.1.9",
        "@fullcalendar/timegrid": "~6.1.9"
      },
      "peerDependencies": {
        "@fullcalendar/core": "~6.1.9",
        "@fullcalendar/resource": "~6.1.9"
      }
    },
    "node_modules/@fullcalendar/resource-timeline": {
      "version": "6.1.9",
      "resolved": "https://registry.npmjs.org/@fullcalendar/resource-timeline/-/resource-timeline-6.1.9.tgz",
      "integrity": "sha512-lXv37zTbaAYMrx6xgGLlWGNCzhH+RwyX41BwlzzVgfZXKrW0QlwjyxKrSgZeFQr9mNta5ACqPH1FeZffzBVO0Q==",
      "dependencies": {
        "@fullcalendar/premium-common": "~6.1.9",
        "@fullcalendar/scrollgrid": "~6.1.9",
        "@fullcalendar/timeline": "~6.1.9"
      },
      "peerDependencies": {
        "@fullcalendar/core": "~6.1.9",
        "@fullcalendar/resource": "~6.1.9"
      }
    },
    "node_modules/@fullcalendar/scrollgrid": {
      "version": "6.1.9",
      "resolved": "https://registry.npmjs.org/@fullcalendar/scrollgrid/-/scrollgrid-6.1.9.tgz",
      "integrity": "sha512-mrdNb0kgDrs15oesKFfr475UYEuqAEQmxBJB2IjQVUL1v213ZqY1TYzgXsIQhVmyGudosVbBOaiQ+vb0zMk8HA==",
      "dependencies": {
        "@fullcalendar/premium-common": "~6.1.9"
      },
      "peerDependencies": {
        "@fullcalendar/core": "~6.1.9"
      }
    },
    "node_modules/@fullcalendar/timegrid": {
      "version": "6.1.9",
      "resolved": "https://registry.npmjs.org/@fullcalendar/timegrid/-/timegrid-6.1.9.tgz",
      "integrity": "sha512-le7UV05wVE1Trdr054kgJXTwa+A1pEI8nlCBnPWdcyrL+dTLoPvQ4AWEVCnV7So+4zRYaCqnqGXfCJsj0RQa0g==",
      "dependencies": {
        "@fullcalendar/daygrid": "~6.1.9"
      },
      "peerDependencies": {
        "@fullcalendar/core": "~6.1.9"
      }
    },
    "node_modules/@fullcalendar/timeline": {
      "version": "6.1.9",
      "resolved": "https://registry.npmjs.org/@fullcalendar/timeline/-/timeline-6.1.9.tgz",
      "integrity": "sha512-0WuLvJpIsJZPYUuVlRsELdOUOuw6Tizer5pF93/EoHoQa7ZKMWvQY/6H+foxGXBszjHMFpIjRFlltDytL9VbGQ==",
      "dependencies": {
        "@fullcalendar/premium-common": "~6.1.9",
        "@fullcalendar/scrollgrid": "~6.1.9"
      },
      "peerDependencies": {
        "@fullcalendar/core": "~6.1.9"
      }
    },
    "node_modules/@popperjs/core": {
      "version": "2.11.8",
      "resolved": "https://registry.npmjs.org/@popperjs/core/-/core-2.11.8.tgz",
      "integrity": "sha512-P1st0aksCrn9sGZhp8GMYwBnQsbvAWsZAX44oXNNvLHGqAOcoVxmjZiohstwQ7SqKnbR47akdNi+uleWD8+g6A==",
      "peer": true,
      "funding": {
        "type": "opencollective",
        "url": "https://opencollective.com/popperjs"
      }
    },
    "node_modules/bootstrap": {
      "version": "5.3.1",
      "resolved": "https://registry.npmjs.org/bootstrap/-/bootstrap-5.3.1.tgz",
      "integrity": "sha512-jzwza3Yagduci2x0rr9MeFSORjcHpt0lRZukZPZQJT1Dth5qzV7XcgGqYzi39KGAVYR8QEDVoO0ubFKOxzMG+g==",
      "funding": [
        {
          "type": "github",
          "url": "https://github.com/sponsors/twbs"
        },
        {
          "type": "opencollective",
          "url": "https://opencollective.com/bootstrap"
        }
      ],
      "peerDependencies": {
        "@popperjs/core": "^2.11.8"
      }
    },
    "node_modules/fullcalendar": {
      "version": "6.1.9",
      "resolved": "https://registry.npmjs.org/fullcalendar/-/fullcalendar-6.1.9.tgz",
      "integrity": "sha512-b3y22EqOtV1cGjOlPE6krs1CwQA/8p5lsylllp35tqDLOK7kLIXDQotpXgsDBY4qAKTgdiSauqzdkdvyrbjAgQ==",
      "dependencies": {
        "@fullcalendar/core": "~6.1.9",
        "@fullcalendar/daygrid": "~6.1.9",
        "@fullcalendar/interaction": "~6.1.9",
        "@fullcalendar/list": "~6.1.9",
        "@fullcalendar/multimonth": "~6.1.9",
        "@fullcalendar/timegrid": "~6.1.9"
      }
    },
    "node_modules/fullcalendar-scheduler": {
      "version": "6.1.9",
      "resolved": "https://registry.npmjs.org/fullcalendar-scheduler/-/fullcalendar-scheduler-6.1.9.tgz",
      "integrity": "sha512-qT/HxJjKCb67+tbdXrcY0urz62n18Zezv53wPPiM76kaQv3NSfoMcx+gn8ZdFwoNQnZ4wRLjVoDE4ZRud53v5w==",
      "dependencies": {
        "@fullcalendar/adaptive": "~6.1.9",
        "@fullcalendar/core": "~6.1.9",
        "@fullcalendar/daygrid": "~6.1.9",
        "@fullcalendar/interaction": "~6.1.9",
        "@fullcalendar/list": "~6.1.9",
        "@fullcalendar/multimonth": "~6.1.9",
        "@fullcalendar/resource": "~6.1.9",
        "@fullcalendar/resource-daygrid": "~6.1.9",
        "@fullcalendar/resource-timegrid": "~6.1.9",
        "@fullcalendar/resource-timeline": "~6.1.9",
        "@fullcalendar/scrollgrid": "~6.1.9",
        "@fullcalendar/timegrid": "~6.1.9",
        "@fullcalendar/timeline": "~6.1.9"
      }
    },
    "node_modules/preact": {
      "version": "10.12.1",
      "resolved": "https://registry.npmjs.org/preact/-/preact-10.12.1.tgz",
      "integrity": "sha512-l8386ixSsBdbreOAkqtrwqHwdvR35ID8c3rKPa8lCWuO86dBi32QWHV4vfsZK1utLLFMvw+Z5Ad4XLkZzchscg==",
      "funding": {
        "type": "opencollective",
        "url": "https://opencollective.com/preact"
      }
    }
  },
  "dependencies": {
    "@fullcalendar/adaptive": {
      "version": "6.1.9",
      "resolved": "https://registry.npmjs.org/@fullcalendar/adaptive/-/adaptive-6.1.9.tgz",
      "integrity": "sha512-K9CyxE/QGd+SKxtL3z07qV9Lleu4r9wT4hJAnqhcArafLpMt3/yEDTH7XnNz/FupvK3zip76nap+4zoFEPCF3w==",
      "requires": {
        "@fullcalendar/premium-common": "~6.1.9"
      }
    },
    "@fullcalendar/core": {
      "version": "6.1.9",
      "resolved": "https://registry.npmjs.org/@fullcalendar/core/-/core-6.1.9.tgz",
      "integrity": "sha512-eeG+z9BWerdsU9Ac6j16rpYpPnE0wxtnEHiHrh/u/ADbGTR3hCOjCD9PxQOfhOTHbWOVs7JQunGcksSPu5WZBQ==",
      "requires": {
        "preact": "~10.12.1"
      }
    },
    "@fullcalendar/daygrid": {
      "version": "6.1.9",
      "resolved": "https://registry.npmjs.org/@fullcalendar/daygrid/-/daygrid-6.1.9.tgz",
      "integrity": "sha512-o/6joH/7lmVHXAkbaa/tUbzWYnGp/LgfdiFyYPkqQbjKEeivNZWF1WhHqFbhx0zbFONSHtrvkjY2bjr+Ef2quQ==",
      "requires": {}
    },
    "@fullcalendar/interaction": {
      "version": "6.1.9",
      "resolved": "https://registry.npmjs.org/@fullcalendar/interaction/-/interaction-6.1.9.tgz",
      "integrity": "sha512-I3FGnv0kKZpIwujg3HllbKrciNjTqeTYy3oJG226oAn7lV6wnrrDYMmuGmA0jPJAGN46HKrQqKN7ItxQRDec4Q==",
      "requires": {}
    },
    "@fullcalendar/list": {
      "version": "6.1.9",
      "resolved": "https://registry.npmjs.org/@fullcalendar/list/-/list-6.1.9.tgz",
      "integrity": "sha512-OCKdC1Gz26cJ5QsXdQyXVyzVu23ypT2xzyAR+Wc8jEytcJLWXw2a914m/MVax8n8EHuaIYY2exhsy/eaSU0XNA==",
      "requires": {}
    },
    "@fullcalendar/multimonth": {
      "version": "6.1.9",
      "resolved": "https://registry.npmjs.org/@fullcalendar/multimonth/-/multimonth-6.1.9.tgz",
      "integrity": "sha512-YpH1NL6RzdM1wO2nFJ3pNMo9xhd6i2WuE+e7SnGi7q1lO+ZZ77h5Fja5JKcpuIQUFHpi+m6vTzihIV8DT44NnQ==",
      "requires": {
        "@fullcalendar/daygrid": "~6.1.9"
      }
    },
    "@fullcalendar/premium-common": {
      "version": "6.1.9",
      "resolved": "https://registry.npmjs.org/@fullcalendar/premium-common/-/premium-common-6.1.9.tgz",
      "integrity": "sha512-hbyXAPU0r9psO0oH22ge0GCxQhlHQ0KJRJhAM2KkTTfYUSAYgaaYfX9cUC6ysNE7T1gZ5JDlYDu/xskwPymyvA==",
      "requires": {}
    },
    "@fullcalendar/resource": {
      "version": "6.1.9",
      "resolved": "https://registry.npmjs.org/@fullcalendar/resource/-/resource-6.1.9.tgz",
      "integrity": "sha512-A0yQs08WNxx7XeQlAZ9gkmiJOuNOjwpiusnnNSWw/xriNoXmWasDih9ury3GcTjJ8T13Y9d+E6IgxLZgBejTZQ==",
      "requires": {
        "@fullcalendar/premium-common": "~6.1.9"
      }
    },
    "@fullcalendar/resource-daygrid": {
      "version": "6.1.9",
      "resolved": "https://registry.npmjs.org/@fullcalendar/resource-daygrid/-/resource-daygrid-6.1.9.tgz",
      "integrity": "sha512-u+A2jDzzXPkyOOTnjcuCtKQezi4KnJCw/n8ryMdOHj/oPw2HXUxGbZwV77WxdeaJEZSOLaIvHqZPG7Lqxc7f4g==",
      "requires": {
        "@fullcalendar/daygrid": "~6.1.9",
        "@fullcalendar/premium-common": "~6.1.9"
      }
    },
    "@fullcalendar/resource-timegrid": {
      "version": "6.1.9",
      "resolved": "https://registry.npmjs.org/@fullcalendar/resource-timegrid/-/resource-timegrid-6.1.9.tgz",
      "integrity": "sha512-gbd/iI7HLhP9j7pqzoTYS+z41ZvT0N0WbOjTgRhCTdZoeKLfrZ+owYh05wS3ZB+EsRRBdgXUJH/9y3CvwUA5mw==",
      "requires": {
        "@fullcalendar/premium-common": "~6.1.9",
        "@fullcalendar/resource-daygrid": "~6.1.9",
        "@fullcalendar/timegrid": "~6.1.9"
      }
    },
    "@fullcalendar/resource-timeline": {
      "version": "6.1.9",
      "resolved": "https://registry.npmjs.org/@fullcalendar/resource-timeline/-/resource-timeline-6.1.9.tgz",
      "integrity": "sha512-lXv37zTbaAYMrx6xgGLlWGNCzhH+RwyX41BwlzzVgfZXKrW0QlwjyxKrSgZeFQr9mNta5ACqPH1FeZffzBVO0Q==",
      "requires": {
        "@fullcalendar/premium-common": "~6.1.9",
        "@fullcalendar/scrollgrid": "~6.1.9",
        "@fullcalendar/timeline": "~6.1.9"
      }
    },
    "@fullcalendar/scrollgrid": {
      "version": "6.1.9",
      "resolved": "https://registry.npmjs.org/@fullcalendar/scrollgrid/-/scrollgrid-6.1.9.tgz",
      "integrity": "sha512-mrdNb0kgDrs15oesKFfr475UYEuqAEQmxBJB2IjQVUL1v213ZqY1TYzgXsIQhVmyGudosVbBOaiQ+vb0zMk8HA==",
      "requires": {
        "@fullcalendar/premium-common": "~6.1.9"
      }
    },
    "@fullcalendar/timegrid": {
      "version": "6.1.9",
      "resolved": "https://registry.npmjs.org/@fullcalendar/timegrid/-/timegrid-6.1.9.tgz",
      "integrity": "sha512-le7UV05wVE1Trdr054kgJXTwa+A1pEI8nlCBnPWdcyrL+dTLoPvQ4AWEVCnV7So+4zRYaCqnqGXfCJsj0RQa0g==",
      "requires": {
        "@fullcalendar/daygrid": "~6.1.9"
      }
    },
    "@fullcalendar/timeline": {
      "version": "6.1.9",
      "resolved": "https://registry.npmjs.org/@fullcalendar/timeline/-/timeline-6.1.9.tgz",
      "integrity": "sha512-0WuLvJpIsJZPYUuVlRsELdOUOuw6Tizer5pF93/EoHoQa7ZKMWvQY/6H+foxGXBszjHMFpIjRFlltDytL9VbGQ==",
      "requires": {
        "@fullcalendar/premium-common": "~6.1.9",
        "@fullcalendar/scrollgrid": "~6.1.9"
      }
    },
    "@popperjs/core": {
      "version": "2.11.8",
      "resolved": "https://registry.npmjs.org/@popperjs/core/-/core-2.11.8.tgz",
      "integrity": "sha512-P1st0aksCrn9sGZhp8GMYwBnQsbvAWsZAX44oXNNvLHGqAOcoVxmjZiohstwQ7SqKnbR47akdNi+uleWD8+g6A==",
      "peer": true
    },
    "bootstrap": {
      "version": "5.3.1",
      "resolved": "https://registry.npmjs.org/bootstrap/-/bootstrap-5.3.1.tgz",
      "integrity": "sha512-jzwza3Yagduci2x0rr9MeFSORjcHpt0lRZukZPZQJT1Dth5qzV7XcgGqYzi39KGAVYR8QEDVoO0ubFKOxzMG+g==",
      "requires": {}
    },
    "fullcalendar": {
      "version": "6.1.9",
      "resolved": "https://registry.npmjs.org/fullcalendar/-/fullcalendar-6.1.9.tgz",
      "integrity": "sha512-b3y22EqOtV1cGjOlPE6krs1CwQA/8p5lsylllp35tqDLOK7kLIXDQotpXgsDBY4qAKTgdiSauqzdkdvyrbjAgQ==",
      "requires": {
        "@fullcalendar/core": "~6.1.9",
        "@fullcalendar/daygrid": "~6.1.9",
        "@fullcalendar/interaction": "~6.1.9",
        "@fullcalendar/list": "~6.1.9",
        "@fullcalendar/multimonth": "~6.1.9",
        "@fullcalendar/timegrid": "~6.1.9"
      }
    },
    "fullcalendar-scheduler": {
      "version": "6.1.9",
      "resolved": "https://registry.npmjs.org/fullcalendar-scheduler/-/fullcalendar-scheduler-6.1.9.tgz",
      "integrity": "sha512-qT/HxJjKCb67+tbdXrcY0urz62n18Zezv53wPPiM76kaQv3NSfoMcx+gn8ZdFwoNQnZ4wRLjVoDE4ZRud53v5w==",
      "requires": {
        "@fullcalendar/adaptive": "~6.1.9",
        "@fullcalendar/core": "~6.1.9",
        "@fullcalendar/daygrid": "~6.1.9",
        "@fullcalendar/interaction": "~6.1.9",
        "@fullcalendar/list": "~6.1.9",
        "@fullcalendar/multimonth": "~6.1.9",
        "@fullcalendar/resource": "~6.1.9",
        "@fullcalendar/resource-daygrid": "~6.1.9",
        "@fullcalendar/resource-timegrid": "~6.1.9",
        "@fullcalendar/resource-timeline": "~6.1.9",
        "@fullcalendar/scrollgrid": "~6.1.9",
        "@fullcalendar/timegrid": "~6.1.9",
        "@fullcalendar/timeline": "~6.1.9"
      }
    },
    "preact": {
      "version": "10.12.1",
      "resolved": "https://registry.npmjs.org/preact/-/preact-10.12.1.tgz",
      "integrity": "sha512-l8386ixSsBdbreOAkqtrwqHwdvR35ID8c3rKPa8lCWuO86dBi32QWHV4vfsZK1utLLFMvw+Z5Ad4XLkZzchscg=="
    }
  }
}
